
Microsoft Visual Studio Solution File, Format Version 12.00
# Visual Studio 11
Project("{FAE04EC0-301F-11D3-BF4B-00C04F79EFBC}") = "PushFrenzy.Tests", "PushFrenzy.Tests\PushFrenzy.Tests.csproj", "{0B59A888-11B4-4B86-BDE1-8EEDC1704126}"
EndProject
Project("{FAE04EC0-301F-11D3-BF4B-00C04F79EFBC}") = "PushFrenzy.Rules", "PushFrenzy.Rules\PushFrenzy.Rules.csproj", "{CD6220BD-D31C-4A56-8FFB-1FFC8303DCBF}"
EndProject
Project("{FAE04EC0-301F-11D3-BF4B-00C04F79EFBC}") = "PushFrenzy.Server", "PushFrenzy.Server\PushFrenzy.Server.csproj", "{6BC80195-EE96-4B72-B315-749AC9B0C0EC}"
EndProject
Project("{FAE04EC0-301F-11D3-BF4B-00C04F79EFBC}") = "PushFrenzy.Web", "PushFrenzy.Web\PushFrenzy.Web.csproj", "{22A07E32-C132-4E93-BCE6-97322DD0BC66}"
EndProject
Project("{FAE04EC0-301F-11D3-BF4B-00C04F79EFBC}") = "PushFrenzy.Bot", "PushFrenzy.Bot\PushFrenzy.Bot.csproj", "{69CF84E8-8000-4F5C-A8DA-9564368EDFC0}"
EndProject
Global
	GlobalSection(TestCaseManagementSettings) = postSolution
		CategoryFile = LineUp.vsmdi
	EndGlobalSection
	GlobalSection(SolutionConfigurationPlatforms) = preSolution
		Debug|Any CPU = Debug|Any CPU
		Release|Any CPU = Release|Any CPU
	EndGlobalSection
	GlobalSection(ProjectConfigurationPlatforms) = postSolution
		{0B59A888-11B4-4B86-BDE1-8EEDC1704126}.Debug|Any CPU.ActiveCfg = Debug|Any CPU
		{0B59A888-11B4-4B86-BDE1-8EEDC1704126}.Debug|Any CPU.Build.0 = Debug|Any CPU
		{0B59A888-11B4-4B86-BDE1-8EEDC1704126}.Release|Any CPU.ActiveCfg = Release|Any CPU
		{0B59A888-11B4-4B86-BDE1-8EEDC1704126}.Release|Any CPU.Build.0 = Release|Any CPU
		{22A07E32-C132-4E93-BCE6-97322DD0BC66}.Debug|Any CPU.ActiveCfg = Debug|Any CPU
		{22A07E32-C132-4E93-BCE6-97322DD0BC66}.Debug|Any CPU.Build.0 = Debug|Any CPU
		{22A07E32-C132-4E93-BCE6-97322DD0BC66}.Release|Any CPU.ActiveCfg = Release|Any CPU
		{22A07E32-C132-4E93-BCE6-97322DD0BC66}.Release|Any CPU.Build.0 = Release|Any CPU
		{69CF84E8-8000-4F5C-A8DA-9564368EDFC0}.Debug|Any CPU.ActiveCfg = Debug|Any CPU
		{69CF84E8-8000-4F5C-A8DA-9564368EDFC0}.Debug|Any CPU.Build.0 = Debug|Any CPU
		{69CF84E8-8000-4F5C-A8DA-9564368EDFC0}.Release|Any CPU.ActiveCfg = Release|Any CPU
		{69CF84E8-8000-4F5C-A8DA-9564368EDFC0}.Release|Any CPU.Build.0 = Release|Any CPU
		{6BC80195-EE96-4B72-B315-749AC9B0C0EC}.Debug|Any CPU.ActiveCfg = Debug|Any CPU
		{6BC80195-EE96-4B72-B315-749AC9B0C0EC}.Debug|Any CPU.Build.0 = Debug|Any CPU
		{6BC80195-EE96-4B72-B315-749AC9B0C0EC}.Release|Any CPU.ActiveCfg = Release|Any CPU
		{6BC80195-EE96-4B72-B315-749AC9B0C0EC}.Release|Any CPU.Build.0 = Release|Any CPU
		{CD6220BD-D31C-4A56-8FFB-1FFC8303DCBF}.Debug|Any CPU.ActiveCfg = Debug|Any CPU
		{CD6220BD-D31C-4A56-8FFB-1FFC8303DCBF}.Debug|Any CPU.Build.0 = Debug|Any CPU
		{CD6220BD-D31C-4A56-8FFB-1FFC8303DCBF}.Release|Any CPU.ActiveCfg = Release|Any CPU
		{CD6220BD-D31C-4A56-8FFB-1FFC8303DCBF}.Release|Any CPU.Build.0 = Release|Any CPU
	EndGlobalSection
	GlobalSection(SolutionProperties) = preSolution
		HideSolutionNode = FALSE
	EndGlobalSection
EndGlobal
